// !$*UTF8*$!
{
	archiveVersion = 1;
	classes = {
	};
	objectVersion = 56;
	objects = {

/* Begin PBXBuildFile section */
		274CEFDC2B1D0D31008F77DD /* ContentView.swift in Sources */ = {isa = PBXBuildFile; fileRef = 274CEFDB2B1D0D31008F77DD /* ContentView.swift */; };
		27DAED4B2AF49214002904FE /* RecipeView.swift in Sources */ = {isa = PBXBuildFile; fileRef = 27DAED482AF49214002904FE /* RecipeView.swift */; };
		27DAED4C2AF49214002904FE /* SavedRecipesView.swift in Sources */ = {isa = PBXBuildFile; fileRef = 27DAED492AF49214002904FE /* SavedRecipesView.swift */; };
		27DAED4D2AF49214002904FE /* CookingModeView.swift in Sources */ = {isa = PBXBuildFile; fileRef = 27DAED4A2AF49214002904FE /* CookingModeView.swift */; };
		27DAED4F2AF49351002904FE /* GoogleService-Info.plist in Resources */ = {isa = PBXBuildFile; fileRef = 27DAED4E2AF49351002904FE /* GoogleService-Info.plist */; };
		27FA5D932B1955EC00973173 /* SignInView.swift in Sources */ = {isa = PBXBuildFile; fileRef = 27FA5D912B1955EC00973173 /* SignInView.swift */; };
		27FA5D942B1955EC00973173 /* SignUpView.swift in Sources */ = {isa = PBXBuildFile; fileRef = 27FA5D922B1955EC00973173 /* SignUpView.swift */; };
		27FA5D962B19561800973173 /* OnboardingView.swift in Sources */ = {isa = PBXBuildFile; fileRef = 27FA5D952B19561800973173 /* OnboardingView.swift */; };
		F90917302AF7394600DAA43A /* Ingredients.swift in Sources */ = {isa = PBXBuildFile; fileRef = F909172F2AF7394600DAA43A /* Ingredients.swift */; };
		F92B12E32AF8092C003C2474 /* FirebaseManager.swift in Sources */ = {isa = PBXBuildFile; fileRef = F92B12E22AF8092C003C2474 /* FirebaseManager.swift */; };
		F935C4142AF17CB50010BB0C /* Structs.swift in Sources */ = {isa = PBXBuildFile; fileRef = F935C4132AF17CB50010BB0C /* Structs.swift */; };
		F94070292B1D10AE0002AC27 /* ingredients.txt in Resources */ = {isa = PBXBuildFile; fileRef = F94070282B1D10AE0002AC27 /* ingredients.txt */; };
		F94C7A9F2AF59DEF00155131 /* Recipe.swift in Sources */ = {isa = PBXBuildFile; fileRef = F94C7A9E2AF59DEF00155131 /* Recipe.swift */; };
		F96ABF6A2B06AD1E00C2935F /* SavedRecipes.swift in Sources */ = {isa = PBXBuildFile; fileRef = F96ABF692B06AD1E00C2935F /* SavedRecipes.swift */; };
		F96C7E6B2B0071D60094FDE9 /* AccountManager.swift in Sources */ = {isa = PBXBuildFile; fileRef = F96C7E6A2B0071D60094FDE9 /* AccountManager.swift */; };
		F991A88F2AEF879E00200104 /* RecipeCardSmall.swift in Sources */ = {isa = PBXBuildFile; fileRef = F991A88E2AEF879E00200104 /* RecipeCardSmall.swift */; };
		F991A8912AEF87A800200104 /* RecipeCardLarge.swift in Sources */ = {isa = PBXBuildFile; fileRef = F991A8902AEF87A800200104 /* RecipeCardLarge.swift */; };
		F991A8952AEF87B900200104 /* SaveIcon.swift in Sources */ = {isa = PBXBuildFile; fileRef = F991A8942AEF87B900200104 /* SaveIcon.swift */; };
		F991A8972AEF87C000200104 /* SaveButton.swift in Sources */ = {isa = PBXBuildFile; fileRef = F991A8962AEF87C000200104 /* SaveButton.swift */; };
		F991A8992AEF89E400200104 /* Search.swift in Sources */ = {isa = PBXBuildFile; fileRef = F991A8982AEF89E400200104 /* Search.swift */; };
		F991A89F2AEF8A9D00200104 /* User.swift in Sources */ = {isa = PBXBuildFile; fileRef = F991A89E2AEF8A9D00200104 /* User.swift */; };
		F9B6595C2AF383DA0080B480 /* SearchTests.swift in Sources */ = {isa = PBXBuildFile; fileRef = F9B6595B2AF383DA0080B480 /* SearchTests.swift */; };
		F9B6595E2AF4202C0080B480 /* RecipeSearch.swift in Sources */ = {isa = PBXBuildFile; fileRef = F9B6595D2AF4202C0080B480 /* RecipeSearch.swift */; };
		F9B659602AF42BAB0080B480 /* APIManager.swift in Sources */ = {isa = PBXBuildFile; fileRef = F9B6595F2AF42BAB0080B480 /* APIManager.swift */; };
		F9B9F13E2AFDB3C100EA9FB8 /* UserTest.swift in Sources */ = {isa = PBXBuildFile; fileRef = F92B12E02AF790AA003C2474 /* UserTest.swift */; };
		F9BAA99C2AF98722004919CC /* RecipeTests.swift in Sources */ = {isa = PBXBuildFile; fileRef = F9BAA99B2AF98722004919CC /* RecipeTests.swift */; };
		F9ECAB342AEEF04600F951B0 /* App.swift in Sources */ = {isa = PBXBuildFile; fileRef = F9ECAB332AEEF04600F951B0 /* App.swift */; };
		F9ECAB382AEEF04800F951B0 /* Assets.xcassets in Resources */ = {isa = PBXBuildFile; fileRef = F9ECAB372AEEF04800F951B0 /* Assets.xcassets */; };
		F9ECAB3B2AEEF04800F951B0 /* Preview Assets.xcassets in Resources */ = {isa = PBXBuildFile; fileRef = F9ECAB3A2AEEF04800F951B0 /* Preview Assets.xcassets */; };
		F9ECAB472AEEF6BD00F951B0 /* FirebaseAnalytics in Frameworks */ = {isa = PBXBuildFile; productRef = F9ECAB462AEEF6BD00F951B0 /* FirebaseAnalytics */; };
		F9ECAB492AEEF6BD00F951B0 /* FirebaseAnalyticsOnDeviceConversion in Frameworks */ = {isa = PBXBuildFile; productRef = F9ECAB482AEEF6BD00F951B0 /* FirebaseAnalyticsOnDeviceConversion */; };
		F9ECAB4B2AEEF6BD00F951B0 /* FirebaseAnalyticsSwift in Frameworks */ = {isa = PBXBuildFile; productRef = F9ECAB4A2AEEF6BD00F951B0 /* FirebaseAnalyticsSwift */; };
		F9ECAB4D2AEEF6BD00F951B0 /* FirebaseAnalyticsWithoutAdIdSupport in Frameworks */ = {isa = PBXBuildFile; productRef = F9ECAB4C2AEEF6BD00F951B0 /* FirebaseAnalyticsWithoutAdIdSupport */; };
		F9ECAB4F2AEEF6BD00F951B0 /* FirebaseAppCheck in Frameworks */ = {isa = PBXBuildFile; productRef = F9ECAB4E2AEEF6BD00F951B0 /* FirebaseAppCheck */; };
		F9ECAB512AEEF6BD00F951B0 /* FirebaseAppDistribution-Beta in Frameworks */ = {isa = PBXBuildFile; productRef = F9ECAB502AEEF6BD00F951B0 /* FirebaseAppDistribution-Beta */; };
		F9ECAB532AEEF6BD00F951B0 /* FirebaseAuth in Frameworks */ = {isa = PBXBuildFile; productRef = F9ECAB522AEEF6BD00F951B0 /* FirebaseAuth */; };
		F9ECAB552AEEF6BD00F951B0 /* FirebaseAuthCombine-Community in Frameworks */ = {isa = PBXBuildFile; productRef = F9ECAB542AEEF6BD00F951B0 /* FirebaseAuthCombine-Community */; };
		F9ECAB572AEEF6BD00F951B0 /* FirebaseCrashlytics in Frameworks */ = {isa = PBXBuildFile; productRef = F9ECAB562AEEF6BD00F951B0 /* FirebaseCrashlytics */; };
		F9ECAB592AEEF6BD00F951B0 /* FirebaseDatabase in Frameworks */ = {isa = PBXBuildFile; productRef = F9ECAB582AEEF6BD00F951B0 /* FirebaseDatabase */; };
		F9ECAB5B2AEEF6BD00F951B0 /* FirebaseDatabaseSwift in Frameworks */ = {isa = PBXBuildFile; productRef = F9ECAB5A2AEEF6BD00F951B0 /* FirebaseDatabaseSwift */; };
		F9ECAB5D2AEEF6BD00F951B0 /* FirebaseDynamicLinks in Frameworks */ = {isa = PBXBuildFile; productRef = F9ECAB5C2AEEF6BD00F951B0 /* FirebaseDynamicLinks */; };
		F9ECAB5F2AEEF6BD00F951B0 /* FirebaseFirestore in Frameworks */ = {isa = PBXBuildFile; productRef = F9ECAB5E2AEEF6BD00F951B0 /* FirebaseFirestore */; };
		F9ECAB612AEEF6BD00F951B0 /* FirebaseFirestoreCombine-Community in Frameworks */ = {isa = PBXBuildFile; productRef = F9ECAB602AEEF6BD00F951B0 /* FirebaseFirestoreCombine-Community */; };
		F9ECAB632AEEF6BD00F951B0 /* FirebaseFirestoreSwift in Frameworks */ = {isa = PBXBuildFile; productRef = F9ECAB622AEEF6BD00F951B0 /* FirebaseFirestoreSwift */; };
		F9ECAB652AEEF6BD00F951B0 /* FirebaseFunctions in Frameworks */ = {isa = PBXBuildFile; productRef = F9ECAB642AEEF6BD00F951B0 /* FirebaseFunctions */; };
		F9ECAB672AEEF6BD00F951B0 /* FirebaseFunctionsCombine-Community in Frameworks */ = {isa = PBXBuildFile; productRef = F9ECAB662AEEF6BD00F951B0 /* FirebaseFunctionsCombine-Community */; };
		F9ECAB692AEEF6BD00F951B0 /* FirebaseInAppMessaging-Beta in Frameworks */ = {isa = PBXBuildFile; productRef = F9ECAB682AEEF6BD00F951B0 /* FirebaseInAppMessaging-Beta */; };
		F9ECAB6B2AEEF6BD00F951B0 /* FirebaseInAppMessagingSwift-Beta in Frameworks */ = {isa = PBXBuildFile; productRef = F9ECAB6A2AEEF6BD00F951B0 /* FirebaseInAppMessagingSwift-Beta */; };
		F9ECAB6D2AEEF6BD00F951B0 /* FirebaseInstallations in Frameworks */ = {isa = PBXBuildFile; productRef = F9ECAB6C2AEEF6BD00F951B0 /* FirebaseInstallations */; };
		F9ECAB6F2AEEF6BD00F951B0 /* FirebaseMLModelDownloader in Frameworks */ = {isa = PBXBuildFile; productRef = F9ECAB6E2AEEF6BD00F951B0 /* FirebaseMLModelDownloader */; };
		F9ECAB712AEEF6BD00F951B0 /* FirebaseMessaging in Frameworks */ = {isa = PBXBuildFile; productRef = F9ECAB702AEEF6BD00F951B0 /* FirebaseMessaging */; };
		F9ECAB732AEEF6BD00F951B0 /* FirebasePerformance in Frameworks */ = {isa = PBXBuildFile; productRef = F9ECAB722AEEF6BD00F951B0 /* FirebasePerformance */; };
		F9ECAB752AEEF6BD00F951B0 /* FirebaseRemoteConfig in Frameworks */ = {isa = PBXBuildFile; productRef = F9ECAB742AEEF6BD00F951B0 /* FirebaseRemoteConfig */; };
		F9ECAB772AEEF6BD00F951B0 /* FirebaseRemoteConfigSwift in Frameworks */ = {isa = PBXBuildFile; productRef = F9ECAB762AEEF6BD00F951B0 /* FirebaseRemoteConfigSwift */; };
		F9ECAB792AEEF6BD00F951B0 /* FirebaseStorage in Frameworks */ = {isa = PBXBuildFile; productRef = F9ECAB782AEEF6BD00F951B0 /* FirebaseStorage */; };
		F9ECAB7B2AEEF6BD00F951B0 /* FirebaseStorageCombine-Community in Frameworks */ = {isa = PBXBuildFile; productRef = F9ECAB7A2AEEF6BD00F951B0 /* FirebaseStorageCombine-Community */; };
		F9ECAB802AEF009800F951B0 /* SearchView.swift in Sources */ = {isa = PBXBuildFile; fileRef = F9ECAB7F2AEF009800F951B0 /* SearchView.swift */; };
		F9ECAB822AEF00B800F951B0 /* SearchResultsView.swift in Sources */ = {isa = PBXBuildFile; fileRef = F9ECAB812AEF00B800F951B0 /* SearchResultsView.swift */; };
		F9ECAB842AEF00C000F951B0 /* ProfileView.swift in Sources */ = {isa = PBXBuildFile; fileRef = F9ECAB832AEF00C000F951B0 /* ProfileView.swift */; };
/* End PBXBuildFile section */

/* Begin PBXContainerItemProxy section */
		F9B659562AF382E00080B480 /* PBXContainerItemProxy */ = {
			isa = PBXContainerItemProxy;
			containerPortal = F9ECAB282AEEF04600F951B0 /* Project object */;
			proxyType = 1;
			remoteGlobalIDString = F9ECAB2F2AEEF04600F951B0;
			remoteInfo = FlavorSaver;
		};
/* End PBXContainerItemProxy section */

/* Begin PBXFileReference section */
		274CEFDB2B1D0D31008F77DD /* ContentView.swift */ = {isa = PBXFileReference; lastKnownFileType = sourcecode.swift; path = ContentView.swift; sourceTree = "<group>"; };
		27DAED482AF49214002904FE /* RecipeView.swift */ = {isa = PBXFileReference; fileEncoding = 4; lastKnownFileType = sourcecode.swift; path = RecipeView.swift; sourceTree = "<group>"; };
		27DAED492AF49214002904FE /* SavedRecipesView.swift */ = {isa = PBXFileReference; fileEncoding = 4; lastKnownFileType = sourcecode.swift; path = SavedRecipesView.swift; sourceTree = "<group>"; };
		27DAED4A2AF49214002904FE /* CookingModeView.swift */ = {isa = PBXFileReference; fileEncoding = 4; lastKnownFileType = sourcecode.swift; path = CookingModeView.swift; sourceTree = "<group>"; };
		27DAED4E2AF49351002904FE /* GoogleService-Info.plist */ = {isa = PBXFileReference; fileEncoding = 4; lastKnownFileType = text.plist.xml; path = "GoogleService-Info.plist"; sourceTree = "<group>"; };
		27FA5D912B1955EC00973173 /* SignInView.swift */ = {isa = PBXFileReference; fileEncoding = 4; lastKnownFileType = sourcecode.swift; path = SignInView.swift; sourceTree = "<group>"; };
		27FA5D922B1955EC00973173 /* SignUpView.swift */ = {isa = PBXFileReference; fileEncoding = 4; lastKnownFileType = sourcecode.swift; path = SignUpView.swift; sourceTree = "<group>"; };
		27FA5D952B19561800973173 /* OnboardingView.swift */ = {isa = PBXFileReference; fileEncoding = 4; lastKnownFileType = sourcecode.swift; path = OnboardingView.swift; sourceTree = "<group>"; };
		F909172F2AF7394600DAA43A /* Ingredients.swift */ = {isa = PBXFileReference; lastKnownFileType = sourcecode.swift; path = Ingredients.swift; sourceTree = "<group>"; };
		F92B12E02AF790AA003C2474 /* UserTest.swift */ = {isa = PBXFileReference; lastKnownFileType = sourcecode.swift; path = UserTest.swift; sourceTree = "<group>"; };
		F92B12E22AF8092C003C2474 /* FirebaseManager.swift */ = {isa = PBXFileReference; lastKnownFileType = sourcecode.swift; path = FirebaseManager.swift; sourceTree = "<group>"; };
		F935C4132AF17CB50010BB0C /* Structs.swift */ = {isa = PBXFileReference; lastKnownFileType = sourcecode.swift; path = Structs.swift; sourceTree = "<group>"; };
		F94070282B1D10AE0002AC27 /* ingredients.txt */ = {isa = PBXFileReference; lastKnownFileType = text; path = ingredients.txt; sourceTree = "<group>"; };
		F94C7A9E2AF59DEF00155131 /* Recipe.swift */ = {isa = PBXFileReference; lastKnownFileType = sourcecode.swift; path = Recipe.swift; sourceTree = "<group>"; };
		F96ABF692B06AD1E00C2935F /* SavedRecipes.swift */ = {isa = PBXFileReference; lastKnownFileType = sourcecode.swift; path = SavedRecipes.swift; sourceTree = "<group>"; };
		F96C7E6A2B0071D60094FDE9 /* AccountManager.swift */ = {isa = PBXFileReference; lastKnownFileType = sourcecode.swift; path = AccountManager.swift; sourceTree = "<group>"; };
		F991A88E2AEF879E00200104 /* RecipeCardSmall.swift */ = {isa = PBXFileReference; lastKnownFileType = sourcecode.swift; path = RecipeCardSmall.swift; sourceTree = "<group>"; };
		F991A8902AEF87A800200104 /* RecipeCardLarge.swift */ = {isa = PBXFileReference; lastKnownFileType = sourcecode.swift; path = RecipeCardLarge.swift; sourceTree = "<group>"; };
		F991A8942AEF87B900200104 /* SaveIcon.swift */ = {isa = PBXFileReference; lastKnownFileType = sourcecode.swift; path = SaveIcon.swift; sourceTree = "<group>"; };
		F991A8962AEF87C000200104 /* SaveButton.swift */ = {isa = PBXFileReference; lastKnownFileType = sourcecode.swift; path = SaveButton.swift; sourceTree = "<group>"; };
		F991A8982AEF89E400200104 /* Search.swift */ = {isa = PBXFileReference; lastKnownFileType = sourcecode.swift; path = Search.swift; sourceTree = "<group>"; };
		F991A89E2AEF8A9D00200104 /* User.swift */ = {isa = PBXFileReference; lastKnownFileType = sourcecode.swift; path = User.swift; sourceTree = "<group>"; };
		F9B659522AF382E00080B480 /* FlavorSaverTests.xctest */ = {isa = PBXFileReference; explicitFileType = wrapper.cfbundle; includeInIndex = 0; path = FlavorSaverTests.xctest; sourceTree = BUILT_PRODUCTS_DIR; };
		F9B6595B2AF383DA0080B480 /* SearchTests.swift */ = {isa = PBXFileReference; lastKnownFileType = sourcecode.swift; path = SearchTests.swift; sourceTree = "<group>"; };
		F9B6595D2AF4202C0080B480 /* RecipeSearch.swift */ = {isa = PBXFileReference; lastKnownFileType = sourcecode.swift; path = RecipeSearch.swift; sourceTree = "<group>"; };
		F9B6595F2AF42BAB0080B480 /* APIManager.swift */ = {isa = PBXFileReference; lastKnownFileType = sourcecode.swift; path = APIManager.swift; sourceTree = "<group>"; };
		F9BAA99B2AF98722004919CC /* RecipeTests.swift */ = {isa = PBXFileReference; lastKnownFileType = sourcecode.swift; path = RecipeTests.swift; sourceTree = "<group>"; };
		F9ECAB302AEEF04600F951B0 /* FlavorSaver.app */ = {isa = PBXFileReference; explicitFileType = wrapper.application; includeInIndex = 0; path = FlavorSaver.app; sourceTree = BUILT_PRODUCTS_DIR; };
		F9ECAB332AEEF04600F951B0 /* App.swift */ = {isa = PBXFileReference; lastKnownFileType = sourcecode.swift; path = App.swift; sourceTree = "<group>"; };
		F9ECAB372AEEF04800F951B0 /* Assets.xcassets */ = {isa = PBXFileReference; lastKnownFileType = folder.assetcatalog; path = Assets.xcassets; sourceTree = "<group>"; };
		F9ECAB3A2AEEF04800F951B0 /* Preview Assets.xcassets */ = {isa = PBXFileReference; lastKnownFileType = folder.assetcatalog; path = "Preview Assets.xcassets"; sourceTree = "<group>"; };
		F9ECAB7F2AEF009800F951B0 /* SearchView.swift */ = {isa = PBXFileReference; lastKnownFileType = sourcecode.swift; path = SearchView.swift; sourceTree = "<group>"; };
		F9ECAB812AEF00B800F951B0 /* SearchResultsView.swift */ = {isa = PBXFileReference; lastKnownFileType = sourcecode.swift; path = SearchResultsView.swift; sourceTree = "<group>"; };
		F9ECAB832AEF00C000F951B0 /* ProfileView.swift */ = {isa = PBXFileReference; lastKnownFileType = sourcecode.swift; path = ProfileView.swift; sourceTree = "<group>"; };
/* End PBXFileReference section */

/* Begin PBXFrameworksBuildPhase section */
		F9B6594F2AF382E00080B480 /* Frameworks */ = {
			isa = PBXFrameworksBuildPhase;
			buildActionMask = 2147483647;
			files = (
			);
			runOnlyForDeploymentPostprocessing = 0;
		};
		F9ECAB2D2AEEF04600F951B0 /* Frameworks */ = {
			isa = PBXFrameworksBuildPhase;
			buildActionMask = 2147483647;
			files = (
				F9ECAB592AEEF6BD00F951B0 /* FirebaseDatabase in Frameworks */,
				F9ECAB672AEEF6BD00F951B0 /* FirebaseFunctionsCombine-Community in Frameworks */,
				F9ECAB5F2AEEF6BD00F951B0 /* FirebaseFirestore in Frameworks */,
				F9ECAB4B2AEEF6BD00F951B0 /* FirebaseAnalyticsSwift in Frameworks */,
				F9ECAB472AEEF6BD00F951B0 /* FirebaseAnalytics in Frameworks */,
				F9ECAB492AEEF6BD00F951B0 /* FirebaseAnalyticsOnDeviceConversion in Frameworks */,
				F9ECAB6F2AEEF6BD00F951B0 /* FirebaseMLModelDownloader in Frameworks */,
				F9ECAB632AEEF6BD00F951B0 /* FirebaseFirestoreSwift in Frameworks */,
				F9ECAB4F2AEEF6BD00F951B0 /* FirebaseAppCheck in Frameworks */,
				F9ECAB4D2AEEF6BD00F951B0 /* FirebaseAnalyticsWithoutAdIdSupport in Frameworks */,
				F9ECAB532AEEF6BD00F951B0 /* FirebaseAuth in Frameworks */,
				F9ECAB572AEEF6BD00F951B0 /* FirebaseCrashlytics in Frameworks */,
				F9ECAB772AEEF6BD00F951B0 /* FirebaseRemoteConfigSwift in Frameworks */,
				F9ECAB692AEEF6BD00F951B0 /* FirebaseInAppMessaging-Beta in Frameworks */,
				F9ECAB5B2AEEF6BD00F951B0 /* FirebaseDatabaseSwift in Frameworks */,
				F9ECAB652AEEF6BD00F951B0 /* FirebaseFunctions in Frameworks */,
				F9ECAB7B2AEEF6BD00F951B0 /* FirebaseStorageCombine-Community in Frameworks */,
				F9ECAB752AEEF6BD00F951B0 /* FirebaseRemoteConfig in Frameworks */,
				F9ECAB512AEEF6BD00F951B0 /* FirebaseAppDistribution-Beta in Frameworks */,
				F9ECAB552AEEF6BD00F951B0 /* FirebaseAuthCombine-Community in Frameworks */,
				F9ECAB732AEEF6BD00F951B0 /* FirebasePerformance in Frameworks */,
				F9ECAB6B2AEEF6BD00F951B0 /* FirebaseInAppMessagingSwift-Beta in Frameworks */,
				F9ECAB792AEEF6BD00F951B0 /* FirebaseStorage in Frameworks */,
				F9ECAB5D2AEEF6BD00F951B0 /* FirebaseDynamicLinks in Frameworks */,
				F9ECAB612AEEF6BD00F951B0 /* FirebaseFirestoreCombine-Community in Frameworks */,
				F9ECAB712AEEF6BD00F951B0 /* FirebaseMessaging in Frameworks */,
				F9ECAB6D2AEEF6BD00F951B0 /* FirebaseInstallations in Frameworks */,
			);
			runOnlyForDeploymentPostprocessing = 0;
		};
/* End PBXFrameworksBuildPhase section */

/* Begin PBXGroup section */
		F96C7C712AF96DD0005B6FA1 /* InternalModels */ = {
			isa = PBXGroup;
			children = (
				F96ABF692B06AD1E00C2935F /* SavedRecipes.swift */,
				F92B12E22AF8092C003C2474 /* FirebaseManager.swift */,
				F9B6595F2AF42BAB0080B480 /* APIManager.swift */,
				F935C4132AF17CB50010BB0C /* Structs.swift */,
				F909172F2AF7394600DAA43A /* Ingredients.swift */,
				F94070282B1D10AE0002AC27 /* ingredients.txt */,
			);
			path = InternalModels;
			sourceTree = "<group>";
		};
		F9B659532AF382E00080B480 /* FlavorSaverTests */ = {
			isa = PBXGroup;
			children = (
				F9B6595B2AF383DA0080B480 /* SearchTests.swift */,
				F92B12E02AF790AA003C2474 /* UserTest.swift */,
				F9BAA99B2AF98722004919CC /* RecipeTests.swift */,
			);
			path = FlavorSaverTests;
			sourceTree = "<group>";
		};
		F9ECAB272AEEF04600F951B0 = {
			isa = PBXGroup;
			children = (
				F9ECAB322AEEF04600F951B0 /* FlavorSaver */,
				F9B659532AF382E00080B480 /* FlavorSaverTests */,
				F9ECAB312AEEF04600F951B0 /* Products */,
			);
			sourceTree = "<group>";
		};
		F9ECAB312AEEF04600F951B0 /* Products */ = {
			isa = PBXGroup;
			children = (
				F9ECAB302AEEF04600F951B0 /* FlavorSaver.app */,
				F9B659522AF382E00080B480 /* FlavorSaverTests.xctest */,
			);
			name = Products;
			sourceTree = "<group>";
		};
		F9ECAB322AEEF04600F951B0 /* FlavorSaver */ = {
			isa = PBXGroup;
			children = (
				F9ECAB7E2AEEFA9100F951B0 /* Views */,
				F9ECAB412AEEF27000F951B0 /* Models */,
				F9ECAB372AEEF04800F951B0 /* Assets.xcassets */,
				27DAED4E2AF49351002904FE /* GoogleService-Info.plist */,
				F9ECAB392AEEF04800F951B0 /* Preview Content */,
			);
			path = FlavorSaver;
			sourceTree = "<group>";
		};
		F9ECAB392AEEF04800F951B0 /* Preview Content */ = {
			isa = PBXGroup;
			children = (
				F9ECAB3A2AEEF04800F951B0 /* Preview Assets.xcassets */,
			);
			path = "Preview Content";
			sourceTree = "<group>";
		};
		F9ECAB412AEEF27000F951B0 /* Models */ = {
			isa = PBXGroup;
			children = (
				F991A8982AEF89E400200104 /* Search.swift */,
				F991A89E2AEF8A9D00200104 /* User.swift */,
				F94C7A9E2AF59DEF00155131 /* Recipe.swift */,
				F9B6595D2AF4202C0080B480 /* RecipeSearch.swift */,
				F96C7E6A2B0071D60094FDE9 /* AccountManager.swift */,
				F96C7C712AF96DD0005B6FA1 /* InternalModels */,
			);
			path = Models;
			sourceTree = "<group>";
		};
		F9ECAB7E2AEEFA9100F951B0 /* Views */ = {
			isa = PBXGroup;
			children = (
				27DAED4A2AF49214002904FE /* CookingModeView.swift */,
				27DAED482AF49214002904FE /* RecipeView.swift */,
				27DAED492AF49214002904FE /* SavedRecipesView.swift */,
				F9ECAB332AEEF04600F951B0 /* App.swift */,
				274CEFDB2B1D0D31008F77DD /* ContentView.swift */,
				F9ECAB7F2AEF009800F951B0 /* SearchView.swift */,
				F9ECAB812AEF00B800F951B0 /* SearchResultsView.swift */,
				F9ECAB832AEF00C000F951B0 /* ProfileView.swift */,
				F991A88E2AEF879E00200104 /* RecipeCardSmall.swift */,
				F991A8902AEF87A800200104 /* RecipeCardLarge.swift */,
				F991A8942AEF87B900200104 /* SaveIcon.swift */,
				F991A8962AEF87C000200104 /* SaveButton.swift */,
				27FA5D912B1955EC00973173 /* SignInView.swift */,
				27FA5D922B1955EC00973173 /* SignUpView.swift */,
				27FA5D952B19561800973173 /* OnboardingView.swift */,
			);
			path = Views;
			sourceTree = "<group>";
		};
/* End PBXGroup section */

/* Begin PBXNativeTarget section */
		F9B659512AF382E00080B480 /* FlavorSaverTests */ = {
			isa = PBXNativeTarget;
			buildConfigurationList = F9B659582AF382E00080B480 /* Build configuration list for PBXNativeTarget "FlavorSaverTests" */;
			buildPhases = (
				F9B6594E2AF382E00080B480 /* Sources */,
				F9B6594F2AF382E00080B480 /* Frameworks */,
				F9B659502AF382E00080B480 /* Resources */,
			);
			buildRules = (
			);
			dependencies = (
				F9B659572AF382E00080B480 /* PBXTargetDependency */,
			);
			name = FlavorSaverTests;
			productName = FlavorSaverTests;
			productReference = F9B659522AF382E00080B480 /* FlavorSaverTests.xctest */;
			productType = "com.apple.product-type.bundle.unit-test";
		};
		F9ECAB2F2AEEF04600F951B0 /* FlavorSaver */ = {
			isa = PBXNativeTarget;
			buildConfigurationList = F9ECAB3E2AEEF04800F951B0 /* Build configuration list for PBXNativeTarget "FlavorSaver" */;
			buildPhases = (
				F9ECAB2C2AEEF04600F951B0 /* Sources */,
				F9ECAB2D2AEEF04600F951B0 /* Frameworks */,
				F9ECAB2E2AEEF04600F951B0 /* Resources */,
			);
			buildRules = (
			);
			dependencies = (
			);
			name = FlavorSaver;
			packageProductDependencies = (
				F9ECAB462AEEF6BD00F951B0 /* FirebaseAnalytics */,
				F9ECAB482AEEF6BD00F951B0 /* FirebaseAnalyticsOnDeviceConversion */,
				F9ECAB4A2AEEF6BD00F951B0 /* FirebaseAnalyticsSwift */,
				F9ECAB4C2AEEF6BD00F951B0 /* FirebaseAnalyticsWithoutAdIdSupport */,
				F9ECAB4E2AEEF6BD00F951B0 /* FirebaseAppCheck */,
				F9ECAB502AEEF6BD00F951B0 /* FirebaseAppDistribution-Beta */,
				F9ECAB522AEEF6BD00F951B0 /* FirebaseAuth */,
				F9ECAB542AEEF6BD00F951B0 /* FirebaseAuthCombine-Community */,
				F9ECAB562AEEF6BD00F951B0 /* FirebaseCrashlytics */,
				F9ECAB582AEEF6BD00F951B0 /* FirebaseDatabase */,
				F9ECAB5A2AEEF6BD00F951B0 /* FirebaseDatabaseSwift */,
				F9ECAB5C2AEEF6BD00F951B0 /* FirebaseDynamicLinks */,
				F9ECAB5E2AEEF6BD00F951B0 /* FirebaseFirestore */,
				F9ECAB602AEEF6BD00F951B0 /* FirebaseFirestoreCombine-Community */,
				F9ECAB622AEEF6BD00F951B0 /* FirebaseFirestoreSwift */,
				F9ECAB642AEEF6BD00F951B0 /* FirebaseFunctions */,
				F9ECAB662AEEF6BD00F951B0 /* FirebaseFunctionsCombine-Community */,
				F9ECAB682AEEF6BD00F951B0 /* FirebaseInAppMessaging-Beta */,
				F9ECAB6A2AEEF6BD00F951B0 /* FirebaseInAppMessagingSwift-Beta */,
				F9ECAB6C2AEEF6BD00F951B0 /* FirebaseInstallations */,
				F9ECAB6E2AEEF6BD00F951B0 /* FirebaseMLModelDownloader */,
				F9ECAB702AEEF6BD00F951B0 /* FirebaseMessaging */,
				F9ECAB722AEEF6BD00F951B0 /* FirebasePerformance */,
				F9ECAB742AEEF6BD00F951B0 /* FirebaseRemoteConfig */,
				F9ECAB762AEEF6BD00F951B0 /* FirebaseRemoteConfigSwift */,
				F9ECAB782AEEF6BD00F951B0 /* FirebaseStorage */,
				F9ECAB7A2AEEF6BD00F951B0 /* FirebaseStorageCombine-Community */,
			);
			productName = FlavorSaver;
			productReference = F9ECAB302AEEF04600F951B0 /* FlavorSaver.app */;
			productType = "com.apple.product-type.application";
		};
/* End PBXNativeTarget section */

/* Begin PBXProject section */
		F9ECAB282AEEF04600F951B0 /* Project object */ = {
			isa = PBXProject;
			attributes = {
				BuildIndependentTargetsInParallel = 1;
				LastSwiftUpdateCheck = 1500;
				LastUpgradeCheck = 1500;
				TargetAttributes = {
					F9B659512AF382E00080B480 = {
						CreatedOnToolsVersion = 15.0.1;
						TestTargetID = F9ECAB2F2AEEF04600F951B0;
					};
					F9ECAB2F2AEEF04600F951B0 = {
						CreatedOnToolsVersion = 15.0.1;
					};
				};
			};
			buildConfigurationList = F9ECAB2B2AEEF04600F951B0 /* Build configuration list for PBXProject "FlavorSaver" */;
			compatibilityVersion = "Xcode 14.0";
			developmentRegion = en;
			hasScannedForEncodings = 0;
			knownRegions = (
				en,
				Base,
			);
			mainGroup = F9ECAB272AEEF04600F951B0;
			packageReferences = (
				F9ECAB452AEEF6BD00F951B0 /* XCRemoteSwiftPackageReference "firebase-ios-sdk" */,
			);
			productRefGroup = F9ECAB312AEEF04600F951B0 /* Products */;
			projectDirPath = "";
			projectRoot = "";
			targets = (
				F9ECAB2F2AEEF04600F951B0 /* FlavorSaver */,
				F9B659512AF382E00080B480 /* FlavorSaverTests */,
			);
		};
/* End PBXProject section */

/* Begin PBXResourcesBuildPhase section */
		F9B659502AF382E00080B480 /* Resources */ = {
			isa = PBXResourcesBuildPhase;
			buildActionMask = 2147483647;
			files = (
			);
			runOnlyForDeploymentPostprocessing = 0;
		};
		F9ECAB2E2AEEF04600F951B0 /* Resources */ = {
			isa = PBXResourcesBuildPhase;
			buildActionMask = 2147483647;
			files = (
				F9ECAB3B2AEEF04800F951B0 /* Preview Assets.xcassets in Resources */,
				F94070292B1D10AE0002AC27 /* ingredients.txt in Resources */,
				27DAED4F2AF49351002904FE /* GoogleService-Info.plist in Resources */,
				F9ECAB382AEEF04800F951B0 /* Assets.xcassets in Resources */,
			);
			runOnlyForDeploymentPostprocessing = 0;
		};
/* End PBXResourcesBuildPhase section */

/* Begin PBXSourcesBuildPhase section */
		F9B6594E2AF382E00080B480 /* Sources */ = {
			isa = PBXSourcesBuildPhase;
			buildActionMask = 2147483647;
			files = (
				F9B6595C2AF383DA0080B480 /* SearchTests.swift in Sources */,
				F9B9F13E2AFDB3C100EA9FB8 /* UserTest.swift in Sources */,
				F9BAA99C2AF98722004919CC /* RecipeTests.swift in Sources */,
			);
			runOnlyForDeploymentPostprocessing = 0;
		};
		F9ECAB2C2AEEF04600F951B0 /* Sources */ = {
			isa = PBXSourcesBuildPhase;
			buildActionMask = 2147483647;
			files = (
				F991A8992AEF89E400200104 /* Search.swift in Sources */,
				274CEFDC2B1D0D31008F77DD /* ContentView.swift in Sources */,
				27DAED4D2AF49214002904FE /* CookingModeView.swift in Sources */,
				F9ECAB822AEF00B800F951B0 /* SearchResultsView.swift in Sources */,
				F9ECAB842AEF00C000F951B0 /* ProfileView.swift in Sources */,
				F94C7A9F2AF59DEF00155131 /* Recipe.swift in Sources */,
				F96C7E6B2B0071D60094FDE9 /* AccountManager.swift in Sources */,
				F991A8972AEF87C000200104 /* SaveButton.swift in Sources */,
				F991A89F2AEF8A9D00200104 /* User.swift in Sources */,
				F90917302AF7394600DAA43A /* Ingredients.swift in Sources */,
				F991A8912AEF87A800200104 /* RecipeCardLarge.swift in Sources */,
				F9ECAB802AEF009800F951B0 /* SearchView.swift in Sources */,
				27FA5D942B1955EC00973173 /* SignUpView.swift in Sources */,
				F991A8952AEF87B900200104 /* SaveIcon.swift in Sources */,
				F92B12E32AF8092C003C2474 /* FirebaseManager.swift in Sources */,
				F9B6595E2AF4202C0080B480 /* RecipeSearch.swift in Sources */,
				27DAED4C2AF49214002904FE /* SavedRecipesView.swift in Sources */,
				27FA5D932B1955EC00973173 /* SignInView.swift in Sources */,
				27DAED4B2AF49214002904FE /* RecipeView.swift in Sources */,
				F9B659602AF42BAB0080B480 /* APIManager.swift in Sources */,
				F9ECAB342AEEF04600F951B0 /* App.swift in Sources */,
				F935C4142AF17CB50010BB0C /* Structs.swift in Sources */,
				F96ABF6A2B06AD1E00C2935F /* SavedRecipes.swift in Sources */,
				F991A88F2AEF879E00200104 /* RecipeCardSmall.swift in Sources */,
				27FA5D962B19561800973173 /* OnboardingView.swift in Sources */,
			);
			runOnlyForDeploymentPostprocessing = 0;
		};
/* End PBXSourcesBuildPhase section */

/* Begin PBXTargetDependency section */
		F9B659572AF382E00080B480 /* PBXTargetDependency */ = {
			isa = PBXTargetDependency;
			target = F9ECAB2F2AEEF04600F951B0 /* FlavorSaver */;
			targetProxy = F9B659562AF382E00080B480 /* PBXContainerItemProxy */;
		};
/* End PBXTargetDependency section */

/* Begin XCBuildConfiguration section */
		F9B659592AF382E00080B480 /* Debug */ = {
			isa = XCBuildConfiguration;
			buildSettings = {
				BUNDLE_LOADER = "$(TEST_HOST)";
				CODE_SIGN_STYLE = Automatic;
				CURRENT_PROJECT_VERSION = 1;
				GENERATE_INFOPLIST_FILE = YES;
				MARKETING_VERSION = 1.0;
				PRODUCT_BUNDLE_IDENTIFIER = class.FlavorSaverTests;
				PRODUCT_NAME = "$(TARGET_NAME)";
				SWIFT_EMIT_LOC_STRINGS = NO;
				SWIFT_VERSION = 5.0;
				TARGETED_DEVICE_FAMILY = "1,2";
				TEST_HOST = "$(BUILT_PRODUCTS_DIR)/FlavorSaver.app/$(BUNDLE_EXECUTABLE_FOLDER_PATH)/FlavorSaver";
			};
			name = Debug;
		};
		F9B6595A2AF382E00080B480 /* Release */ = {
			isa = XCBuildConfiguration;
			buildSettings = {
				BUNDLE_LOADER = "$(TEST_HOST)";
				CODE_SIGN_STYLE = Automatic;
				CURRENT_PROJECT_VERSION = 1;
				GENERATE_INFOPLIST_FILE = YES;
				MARKETING_VERSION = 1.0;
				PRODUCT_BUNDLE_IDENTIFIER = class.FlavorSaverTests;
				PRODUCT_NAME = "$(TARGET_NAME)";
				SWIFT_EMIT_LOC_STRINGS = NO;
				SWIFT_VERSION = 5.0;
				TARGETED_DEVICE_FAMILY = "1,2";
				TEST_HOST = "$(BUILT_PRODUCTS_DIR)/FlavorSaver.app/$(BUNDLE_EXECUTABLE_FOLDER_PATH)/FlavorSaver";
			};
			name = Release;
		};
		F9ECAB3C2AEEF04800F951B0 /* Debug */ = {
			isa = XCBuildConfiguration;
			buildSettings = {
				ALWAYS_SEARCH_USER_PATHS = NO;
				ASSETCATALOG_COMPILER_GENERATE_SWIFT_ASSET_SYMBOL_EXTENSIONS = YES;
				CLANG_ANALYZER_NONNULL = YES;
				CLANG_ANALYZER_NUMBER_OBJECT_CONVERSION = YES_AGGRESSIVE;
				CLANG_CXX_LANGUAGE_STANDARD = "gnu++20";
				CLANG_ENABLE_MODULES = YES;
				CLANG_ENABLE_OBJC_ARC = YES;
				CLANG_ENABLE_OBJC_WEAK = YES;
				CLANG_WARN_BLOCK_CAPTURE_AUTORELEASING = YES;
				CLANG_WARN_BOOL_CONVERSION = YES;
				CLANG_WARN_COMMA = YES;
				CLANG_WARN_CONSTANT_CONVERSION = YES;
				CLANG_WARN_DEPRECATED_OBJC_IMPLEMENTATIONS = YES;
				CLANG_WARN_DIRECT_OBJC_ISA_USAGE = YES_ERROR;
				CLANG_WARN_DOCUMENTATION_COMMENTS = YES;
				CLANG_WARN_EMPTY_BODY = YES;
				CLANG_WARN_ENUM_CONVERSION = YES;
				CLANG_WARN_INFINITE_RECURSION = YES;
				CLANG_WARN_INT_CONVERSION = YES;
				CLANG_WARN_NON_LITERAL_NULL_CONVERSION = YES;
				CLANG_WARN_OBJC_IMPLICIT_RETAIN_SELF = YES;
				CLANG_WARN_OBJC_LITERAL_CONVERSION = YES;
				CLANG_WARN_OBJC_ROOT_CLASS = YES_ERROR;
				CLANG_WARN_QUOTED_INCLUDE_IN_FRAMEWORK_HEADER = YES;
				CLANG_WARN_RANGE_LOOP_ANALYSIS = YES;
				CLANG_WARN_STRICT_PROTOTYPES = YES;
				CLANG_WARN_SUSPICIOUS_MOVE = YES;
				CLANG_WARN_UNGUARDED_AVAILABILITY = YES_AGGRESSIVE;
				CLANG_WARN_UNREACHABLE_CODE = YES;
				CLANG_WARN__DUPLICATE_METHOD_MATCH = YES;
				COPY_PHASE_STRIP = NO;
				DEBUG_INFORMATION_FORMAT = "dwarf-with-dsym";
				DEFINES_MODULE = NO;
				ENABLE_STRICT_OBJC_MSGSEND = YES;
				ENABLE_TESTABILITY = YES;
				ENABLE_USER_SCRIPT_SANDBOXING = YES;
				GCC_C_LANGUAGE_STANDARD = gnu17;
				GCC_DYNAMIC_NO_PIC = NO;
				GCC_NO_COMMON_BLOCKS = YES;
				GCC_OPTIMIZATION_LEVEL = 0;
				GCC_PREPROCESSOR_DEFINITIONS = (
					"DEBUG=1",
					"$(inherited)",
				);
				GCC_WARN_64_TO_32_BIT_CONVERSION = YES;
				GCC_WARN_ABOUT_RETURN_TYPE = YES_ERROR;
				GCC_WARN_UNDECLARED_SELECTOR = YES;
				GCC_WARN_UNINITIALIZED_AUTOS = YES_AGGRESSIVE;
				GCC_WARN_UNUSED_FUNCTION = YES;
				GCC_WARN_UNUSED_VARIABLE = YES;
				IPHONEOS_DEPLOYMENT_TARGET = 17.0;
				LOCALIZATION_PREFERS_STRING_CATALOGS = YES;
				MTL_ENABLE_DEBUG_INFO = INCLUDE_SOURCE;
				MTL_FAST_MATH = YES;
				ONLY_ACTIVE_ARCH = YES;
				SDKROOT = iphoneos;
				SWIFT_ACTIVE_COMPILATION_CONDITIONS = "DEBUG $(inherited)";
				SWIFT_OPTIMIZATION_LEVEL = "-Onone";
			};
			name = Debug;
		};
		F9ECAB3D2AEEF04800F951B0 /* Release */ = {
			isa = XCBuildConfiguration;
			buildSettings = {
				ALWAYS_SEARCH_USER_PATHS = NO;
				ASSETCATALOG_COMPILER_GENERATE_SWIFT_ASSET_SYMBOL_EXTENSIONS = YES;
				CLANG_ANALYZER_NONNULL = YES;
				CLANG_ANALYZER_NUMBER_OBJECT_CONVERSION = YES_AGGRESSIVE;
				CLANG_CXX_LANGUAGE_STANDARD = "gnu++20";
				CLANG_ENABLE_MODULES = YES;
				CLANG_ENABLE_OBJC_ARC = YES;
				CLANG_ENABLE_OBJC_WEAK = YES;
				CLANG_WARN_BLOCK_CAPTURE_AUTORELEASING = YES;
				CLANG_WARN_BOOL_CONVERSION = YES;
				CLANG_WARN_COMMA = YES;
				CLANG_WARN_CONSTANT_CONVERSION = YES;
				CLANG_WARN_DEPRECATED_OBJC_IMPLEMENTATIONS = YES;
				CLANG_WARN_DIRECT_OBJC_ISA_USAGE = YES_ERROR;
				CLANG_WARN_DOCUMENTATION_COMMENTS = YES;
				CLANG_WARN_EMPTY_BODY = YES;
				CLANG_WARN_ENUM_CONVERSION = YES;
				CLANG_WARN_INFINITE_RECURSION = YES;
				CLANG_WARN_INT_CONVERSION = YES;
				CLANG_WARN_NON_LITERAL_NULL_CONVERSION = YES;
				CLANG_WARN_OBJC_IMPLICIT_RETAIN_SELF = YES;
				CLANG_WARN_OBJC_LITERAL_CONVERSION = YES;
				CLANG_WARN_OBJC_ROOT_CLASS = YES_ERROR;
				CLANG_WARN_QUOTED_INCLUDE_IN_FRAMEWORK_HEADER = YES;
				CLANG_WARN_RANGE_LOOP_ANALYSIS = YES;
				CLANG_WARN_STRICT_PROTOTYPES = YES;
				CLANG_WARN_SUSPICIOUS_MOVE = YES;
				CLANG_WARN_UNGUARDED_AVAILABILITY = YES_AGGRESSIVE;
				CLANG_WARN_UNREACHABLE_CODE = YES;
				CLANG_WARN__DUPLICATE_METHOD_MATCH = YES;
				COPY_PHASE_STRIP = NO;
				DEBUG_INFORMATION_FORMAT = "dwarf-with-dsym";
				DEFINES_MODULE = NO;
				ENABLE_NS_ASSERTIONS = NO;
				ENABLE_STRICT_OBJC_MSGSEND = YES;
				ENABLE_USER_SCRIPT_SANDBOXING = YES;
				GCC_C_LANGUAGE_STANDARD = gnu17;
				GCC_NO_COMMON_BLOCKS = YES;
				GCC_WARN_64_TO_32_BIT_CONVERSION = YES;
				GCC_WARN_ABOUT_RETURN_TYPE = YES_ERROR;
				GCC_WARN_UNDECLARED_SELECTOR = YES;
				GCC_WARN_UNINITIALIZED_AUTOS = YES_AGGRESSIVE;
				GCC_WARN_UNUSED_FUNCTION = YES;
				GCC_WARN_UNUSED_VARIABLE = YES;
				IPHONEOS_DEPLOYMENT_TARGET = 17.0;
				LOCALIZATION_PREFERS_STRING_CATALOGS = YES;
				MTL_ENABLE_DEBUG_INFO = NO;
				MTL_FAST_MATH = YES;
				SDKROOT = iphoneos;
				SWIFT_COMPILATION_MODE = wholemodule;
				VALIDATE_PRODUCT = YES;
			};
			name = Release;
		};
		F9ECAB3F2AEEF04800F951B0 /* Debug */ = {
			isa = XCBuildConfiguration;
			buildSettings = {
				ASSETCATALOG_COMPILER_APPICON_NAME = AppIcon;
				ASSETCATALOG_COMPILER_GLOBAL_ACCENT_COLOR_NAME = AccentColor;
				CODE_SIGN_STYLE = Automatic;
				CURRENT_PROJECT_VERSION = 1;
				DEVELOPMENT_ASSET_PATHS = "\"FlavorSaver/Preview Content\"";
				DEVELOPMENT_TEAM = 635TDZDDV2;
				ENABLE_PREVIEWS = YES;
				GENERATE_INFOPLIST_FILE = YES;
				INFOPLIST_KEY_UIApplicationSceneManifest_Generation = YES;
				INFOPLIST_KEY_UIApplicationSupportsIndirectInputEvents = YES;
				INFOPLIST_KEY_UILaunchScreen_Generation = YES;
				INFOPLIST_KEY_UISupportedInterfaceOrientations_iPad = "UIInterfaceOrientationPortrait UIInterfaceOrientationPortraitUpsideDown UIInterfaceOrientationLandscapeLeft UIInterfaceOrientationLandscapeRight";
				INFOPLIST_KEY_UISupportedInterfaceOrientations_iPhone = "UIInterfaceOrientationPortrait UIInterfaceOrientationLandscapeLeft UIInterfaceOrientationLandscapeRight";
				LD_RUNPATH_SEARCH_PATHS = (
					"$(inherited)",
					"@executable_path/Frameworks",
				);
				MARKETING_VERSION = 1.0;
				"OTHER_LDFLAGS[arch=*]" = "-ObjC";
				PRODUCT_BUNDLE_IDENTIFIER = class.FlavorSaver;
				PRODUCT_NAME = "$(TARGET_NAME)";
				SWIFT_EMIT_LOC_STRINGS = YES;
				SWIFT_VERSION = 5.0;
				TARGETED_DEVICE_FAMILY = "1,2";
			};
			name = Debug;
		};
		F9ECAB402AEEF04800F951B0 /* Release */ = {
			isa = XCBuildConfiguration;
			buildSettings = {
				ASSETCATALOG_COMPILER_APPICON_NAME = AppIcon;
				ASSETCATALOG_COMPILER_GLOBAL_ACCENT_COLOR_NAME = AccentColor;
				CODE_SIGN_STYLE = Automatic;
				CURRENT_PROJECT_VERSION = 1;
				DEVELOPMENT_ASSET_PATHS = "\"FlavorSaver/Preview Content\"";
				DEVELOPMENT_TEAM = 635TDZDDV2;
				ENABLE_PREVIEWS = YES;
				GENERATE_INFOPLIST_FILE = YES;
				INFOPLIST_KEY_UIApplicationSceneManifest_Generation = YES;
				INFOPLIST_KEY_UIApplicationSupportsIndirectInputEvents = YES;
				INFOPLIST_KEY_UILaunchScreen_Generation = YES;
				INFOPLIST_KEY_UISupportedInterfaceOrientations_iPad = "UIInterfaceOrientationPortrait UIInterfaceOrientationPortraitUpsideDown UIInterfaceOrientationLandscapeLeft UIInterfaceOrientationLandscapeRight";
				INFOPLIST_KEY_UISupportedInterfaceOrientations_iPhone = "UIInterfaceOrientationPortrait UIInterfaceOrientationLandscapeLeft UIInterfaceOrientationLandscapeRight";
				LD_RUNPATH_SEARCH_PATHS = (
					"$(inherited)",
					"@executable_path/Frameworks",
				);
				MARKETING_VERSION = 1.0;
				"OTHER_LDFLAGS[arch=*]" = "-ObjC";
				PRODUCT_BUNDLE_IDENTIFIER = class.FlavorSaver;
				PRODUCT_NAME = "$(TARGET_NAME)";
				SWIFT_EMIT_LOC_STRINGS = YES;
				SWIFT_VERSION = 5.0;
				TARGETED_DEVICE_FAMILY = "1,2";
			};
			name = Release;
		};
/* End XCBuildConfiguration section */

/* Begin XCConfigurationList section */
		F9B659582AF382E00080B480 /* Build configuration list for PBXNativeTarget "FlavorSaverTests" */ = {
			isa = XCConfigurationList;
			buildConfigurations = (
				F9B659592AF382E00080B480 /* Debug */,
				F9B6595A2AF382E00080B480 /* Release */,
			);
			defaultConfigurationIsVisible = 0;
			defaultConfigurationName = Release;
		};
		F9ECAB2B2AEEF04600F951B0 /* Build configuration list for PBXProject "FlavorSaver" */ = {
			isa = XCConfigurationList;
			buildConfigurations = (
				F9ECAB3C2AEEF04800F951B0 /* Debug */,
				F9ECAB3D2AEEF04800F951B0 /* Release */,
			);
			defaultConfigurationIsVisible = 0;
			defaultConfigurationName = Release;
		};
		F9ECAB3E2AEEF04800F951B0 /* Build configuration list for PBXNativeTarget "FlavorSaver" */ = {
			isa = XCConfigurationList;
			buildConfigurations = (
				F9ECAB3F2AEEF04800F951B0 /* Debug */,
				F9ECAB402AEEF04800F951B0 /* Release */,
			);
			defaultConfigurationIsVisible = 0;
			defaultConfigurationName = Release;
		};
/* End XCConfigurationList section */

/* Begin XCRemoteSwiftPackageReference section */
		F9ECAB452AEEF6BD00F951B0 /* XCRemoteSwiftPackageReference "firebase-ios-sdk" */ = {
			isa = XCRemoteSwiftPackageReference;
			repositoryURL = "https://github.com/firebase/firebase-ios-sdk.git";
			requirement = {
				kind = upToNextMajorVersion;
				minimumVersion = 10.16.0;
			};
		};
/* End XCRemoteSwiftPackageReference section */

/* Begin XCSwiftPackageProductDependency section */
		F9ECAB462AEEF6BD00F951B0 /* FirebaseAnalytics */ = {
			isa = XCSwiftPackageProductDependency;
			package = F9ECAB452AEEF6BD00F951B0 /* XCRemoteSwiftPackageReference "firebase-ios-sdk" */;
			productName = FirebaseAnalytics;
		};
		F9ECAB482AEEF6BD00F951B0 /* FirebaseAnalyticsOnDeviceConversion */ = {
			isa = XCSwiftPackageProductDependency;
			package = F9ECAB452AEEF6BD00F951B0 /* XCRemoteSwiftPackageReference "firebase-ios-sdk" */;
			productName = FirebaseAnalyticsOnDeviceConversion;
		};
		F9ECAB4A2AEEF6BD00F951B0 /* FirebaseAnalyticsSwift */ = {
			isa = XCSwiftPackageProductDependency;
			package = F9ECAB452AEEF6BD00F951B0 /* XCRemoteSwiftPackageReference "firebase-ios-sdk" */;
			productName = FirebaseAnalyticsSwift;
		};
		F9ECAB4C2AEEF6BD00F951B0 /* FirebaseAnalyticsWithoutAdIdSupport */ = {
			isa = XCSwiftPackageProductDependency;
			package = F9ECAB452AEEF6BD00F951B0 /* XCRemoteSwiftPackageReference "firebase-ios-sdk" */;
			productName = FirebaseAnalyticsWithoutAdIdSupport;
		};
		F9ECAB4E2AEEF6BD00F951B0 /* FirebaseAppCheck */ = {
			isa = XCSwiftPackageProductDependency;
			package = F9ECAB452AEEF6BD00F951B0 /* XCRemoteSwiftPackageReference "firebase-ios-sdk" */;
			productName = FirebaseAppCheck;
		};
		F9ECAB502AEEF6BD00F951B0 /* FirebaseAppDistribution-Beta */ = {
			isa = XCSwiftPackageProductDependency;
			package = F9ECAB452AEEF6BD00F951B0 /* XCRemoteSwiftPackageReference "firebase-ios-sdk" */;
			productName = "FirebaseAppDistribution-Beta";
		};
		F9ECAB522AEEF6BD00F951B0 /* FirebaseAuth */ = {
			isa = XCSwiftPackageProductDependency;
			package = F9ECAB452AEEF6BD00F951B0 /* XCRemoteSwiftPackageReference "firebase-ios-sdk" */;
			productName = FirebaseAuth;
		};
		F9ECAB542AEEF6BD00F951B0 /* FirebaseAuthCombine-Community */ = {
			isa = XCSwiftPackageProductDependency;
			package = F9ECAB452AEEF6BD00F951B0 /* XCRemoteSwiftPackageReference "firebase-ios-sdk" */;
			productName = "FirebaseAuthCombine-Community";
		};
		F9ECAB562AEEF6BD00F951B0 /* FirebaseCrashlytics */ = {
			isa = XCSwiftPackageProductDependency;
			package = F9ECAB452AEEF6BD00F951B0 /* XCRemoteSwiftPackageReference "firebase-ios-sdk" */;
			productName = FirebaseCrashlytics;
		};
		F9ECAB582AEEF6BD00F951B0 /* FirebaseDatabase */ = {
			isa = XCSwiftPackageProductDependency;
			package = F9ECAB452AEEF6BD00F951B0 /* XCRemoteSwiftPackageReference "firebase-ios-sdk" */;
			productName = FirebaseDatabase;
		};
		F9ECAB5A2AEEF6BD00F951B0 /* FirebaseDatabaseSwift */ = {
			isa = XCSwiftPackageProductDependency;
			package = F9ECAB452AEEF6BD00F951B0 /* XCRemoteSwiftPackageReference "firebase-ios-sdk" */;
			productName = FirebaseDatabaseSwift;
		};
		F9ECAB5C2AEEF6BD00F951B0 /* FirebaseDynamicLinks */ = {
			isa = XCSwiftPackageProductDependency;
			package = F9ECAB452AEEF6BD00F951B0 /* XCRemoteSwiftPackageReference "firebase-ios-sdk" */;
			productName = FirebaseDynamicLinks;
		};
		F9ECAB5E2AEEF6BD00F951B0 /* FirebaseFirestore */ = {
			isa = XCSwiftPackageProductDependency;
			package = F9ECAB452AEEF6BD00F951B0 /* XCRemoteSwiftPackageReference "firebase-ios-sdk" */;
			productName = FirebaseFirestore;
		};
		F9ECAB602AEEF6BD00F951B0 /* FirebaseFirestoreCombine-Community */ = {
			isa = XCSwiftPackageProductDependency;
			package = F9ECAB452AEEF6BD00F951B0 /* XCRemoteSwiftPackageReference "firebase-ios-sdk" */;
			productName = "FirebaseFirestoreCombine-Community";
		};
		F9ECAB622AEEF6BD00F951B0 /* FirebaseFirestoreSwift */ = {
			isa = XCSwiftPackageProductDependency;
			package = F9ECAB452AEEF6BD00F951B0 /* XCRemoteSwiftPackageReference "firebase-ios-sdk" */;
			productName = FirebaseFirestoreSwift;
		};
		F9ECAB642AEEF6BD00F951B0 /* FirebaseFunctions */ = {
			isa = XCSwiftPackageProductDependency;
			package = F9ECAB452AEEF6BD00F951B0 /* XCRemoteSwiftPackageReference "firebase-ios-sdk" */;
			productName = FirebaseFunctions;
		};
		F9ECAB662AEEF6BD00F951B0 /* FirebaseFunctionsCombine-Community */ = {
			isa = XCSwiftPackageProductDependency;
			package = F9ECAB452AEEF6BD00F951B0 /* XCRemoteSwiftPackageReference "firebase-ios-sdk" */;
			productName = "FirebaseFunctionsCombine-Community";
		};
		F9ECAB682AEEF6BD00F951B0 /* FirebaseInAppMessaging-Beta */ = {
			isa = XCSwiftPackageProductDependency;
			package = F9ECAB452AEEF6BD00F951B0 /* XCRemoteSwiftPackageReference "firebase-ios-sdk" */;
			productName = "FirebaseInAppMessaging-Beta";
		};
		F9ECAB6A2AEEF6BD00F951B0 /* FirebaseInAppMessagingSwift-Beta */ = {
			isa = XCSwiftPackageProductDependency;
			package = F9ECAB452AEEF6BD00F951B0 /* XCRemoteSwiftPackageReference "firebase-ios-sdk" */;
			productName = "FirebaseInAppMessagingSwift-Beta";
		};
		F9ECAB6C2AEEF6BD00F951B0 /* FirebaseInstallations */ = {
			isa = XCSwiftPackageProductDependency;
			package = F9ECAB452AEEF6BD00F951B0 /* XCRemoteSwiftPackageReference "firebase-ios-sdk" */;
			productName = FirebaseInstallations;
		};
		F9ECAB6E2AEEF6BD00F951B0 /* FirebaseMLModelDownloader */ = {
			isa = XCSwiftPackageProductDependency;
			package = F9ECAB452AEEF6BD00F951B0 /* XCRemoteSwiftPackageReference "firebase-ios-sdk" */;
			productName = FirebaseMLModelDownloader;
		};
		F9ECAB702AEEF6BD00F951B0 /* FirebaseMessaging */ = {
			isa = XCSwiftPackageProductDependency;
			package = F9ECAB452AEEF6BD00F951B0 /* XCRemoteSwiftPackageReference "firebase-ios-sdk" */;
			productName = FirebaseMessaging;
		};
		F9ECAB722AEEF6BD00F951B0 /* FirebasePerformance */ = {
			isa = XCSwiftPackageProductDependency;
			package = F9ECAB452AEEF6BD00F951B0 /* XCRemoteSwiftPackageReference "firebase-ios-sdk" */;
			productName = FirebasePerformance;
		};
		F9ECAB742AEEF6BD00F951B0 /* FirebaseRemoteConfig */ = {
			isa = XCSwiftPackageProductDependency;
			package = F9ECAB452AEEF6BD00F951B0 /* XCRemoteSwiftPackageReference "firebase-ios-sdk" */;
			productName = FirebaseRemoteConfig;
		};
		F9ECAB762AEEF6BD00F951B0 /* FirebaseRemoteConfigSwift */ = {
			isa = XCSwiftPackageProductDependency;
			package = F9ECAB452AEEF6BD00F951B0 /* XCRemoteSwiftPackageReference "firebase-ios-sdk" */;
			productName = FirebaseRemoteConfigSwift;
		};
		F9ECAB782AEEF6BD00F951B0 /* FirebaseStorage */ = {
			isa = XCSwiftPackageProductDependency;
			package = F9ECAB452AEEF6BD00F951B0 /* XCRemoteSwiftPackageReference "firebase-ios-sdk" */;
			productName = FirebaseStorage;
		};
		F9ECAB7A2AEEF6BD00F951B0 /* FirebaseStorageCombine-Community */ = {
			isa = XCSwiftPackageProductDependency;
			package = F9ECAB452AEEF6BD00F951B0 /* XCRemoteSwiftPackageReference "firebase-ios-sdk" */;
			productName = "FirebaseStorageCombine-Community";
		};
/* End XCSwiftPackageProductDependency section */
	};
	rootObject = F9ECAB282AEEF04600F951B0 /* Project object */;
}
